
Microsoft Visual Studio Solution File, Format Version 12.00
# Visual Studio Version 17
VisualStudioVersion = 17.11.35303.130
MinimumVisualStudioVersion = 10.0.40219.1
Project("{FAE04EC0-301F-11D3-BF4B-00C04F79EFBC}") = "Materials_Erofeev", "Materials_Lizyakin\Materials_Erofeev.csproj", "{B09CED00-930E-48F9-AA87-714E4ABF9018}"
EndProject
Global
	GlobalSection(SolutionConfigurationPlatforms) = preSolution
		Debug|Any CPU = Debug|Any CPU
		Release|Any CPU = Release|Any CPU
	EndGlobalSection
	GlobalSection(ProjectConfigurationPlatforms) = postSolution
		{B09CED00-930E-48F9-AA87-714E4ABF9018}.Debug|Any CPU.ActiveCfg = Debug|Any CPU
		{B09CED00-930E-48F9-AA87-714E4ABF9018}.Debug|Any CPU.Build.0 = Debug|Any CPU
		{B09CED00-930E-48F9-AA87-714E4ABF9018}.Release|Any CPU.ActiveCfg = Release|Any CPU
		{B09CED00-930E-48F9-AA87-714E4ABF9018}.Release|Any CPU.Build.0 = Release|Any CPU
	EndGlobalSection
	GlobalSection(SolutionProperties) = preSolution
		HideSolutionNode = FALSE
	EndGlobalSection
	GlobalSection(ExtensibilityGlobals) = postSolution
		SolutionGuid = {54425827-A857-4EDD-A092-A01BF237DA16}
	EndGlobalSection
EndGlobal
